// !$*UTF8*$!
{
	archiveVersion = 1;
	classes = {
	};
	objectVersion = 46;
	objects = {
/* Begin PBXBuildFile section */
		0207DA581B56EA530066E2B4 /* Images.xcassets in Resources */ = {isa = PBXBuildFile; fileRef = 0207DA571B56EA530066E2B4 /* Images.xcassets */; };
		1D3623260D0F684500981E51 /* AppDelegate.m in Sources */ = {isa = PBXBuildFile; fileRef = 1D3623250D0F684500981E51 /* AppDelegate.m */; };
		1D60589B0D05DD56006BFB54 /* main.m in Sources */ = {isa = PBXBuildFile; fileRef = 29B97316FDCFA39411CA2CEA /* main.m */; };
		301BF552109A68D80062928A /* libCordova.a in Frameworks */ = {isa = PBXBuildFile; fileRef = 301BF535109A57CC0062928A /* libCordova.a */; };
		302D95F114D2391D003F00A1 /* MainViewController.m in Sources */ = {isa = PBXBuildFile; fileRef = 302D95EF14D2391D003F00A1 /* MainViewController.m */; };
		302D95F214D2391D003F00A1 /* MainViewController.xib in Resources */ = {isa = PBXBuildFile; fileRef = 302D95F014D2391D003F00A1 /* MainViewController.xib */; };
		3047A5121AB8059700498E2A /* build-debug.xcconfig in Resources */ = {isa = PBXBuildFile; fileRef = 3047A50F1AB8059700498E2A /* build-debug.xcconfig */; };
		3047A5131AB8059700498E2A /* build-release.xcconfig in Resources */ = {isa = PBXBuildFile; fileRef = 3047A5101AB8059700498E2A /* build-release.xcconfig */; };
		3047A5141AB8059700498E2A /* build.xcconfig in Resources */ = {isa = PBXBuildFile; fileRef = 3047A5111AB8059700498E2A /* build.xcconfig */; };
		05178069FD884FA4AD216A49 /* CDVDevice.m in Sources */ = {isa = PBXBuildFile; fileRef = 51CD4BD7BAE342DFBE329FB4 /* CDVDevice.m */; };
		3B8B718FAA9A416ABFCADFEC /* VuforiaPlugin.m in Sources */ = {isa = PBXBuildFile; fileRef = 5AC7A872831C4AF1A8E7C1E4 /* VuforiaPlugin.m */; };
		49EF544A3C294C7B87069F2F /* ViewController.mm in Resources */ = {isa = PBXBuildFile; fileRef = 63AECE3AE88D4112A8C93606 /* ViewController.mm */; };
		2786AB949FBC4BD892EE7934 /* libVuforia.a in Frameworks */ = {isa = PBXBuildFile; fileRef = 1FB165F8EE644F43BCB4559E /* libVuforia.a */; };
		66A4CFF939E148A69F25931F /* ImageTargetsEAGLView.mm in Resources */ = {isa = PBXBuildFile; fileRef = 90E79F9BF70E43FAB7A4787F /* ImageTargetsEAGLView.mm */; settings = {COMPILER_FLAGS = "-fno-objc-arc"; }; };
		AA09414395F34B7B86DEA847 /* ImageTargetsViewController.mm in Resources */ = {isa = PBXBuildFile; fileRef = B7CD2DFF843B4C019172AD55 /* ImageTargetsViewController.mm */; settings = {COMPILER_FLAGS = "-fno-objc-arc"; }; };
		D166BE60672143858F315085 /* ApplicationSession.h in Resources */ = {isa = PBXBuildFile; fileRef = 0A9057AF167D4FC5969BAF78 /* ApplicationSession.h */; };
		EA330D4EF111464CAAA96215 /* ApplicationSession.mm in Resources */ = {isa = PBXBuildFile; fileRef = 53C794FBFC5B4C57AA771D3C /* ApplicationSession.mm */; settings = {COMPILER_FLAGS = "-fno-objc-arc"; }; };
		881A7E9B141A495D9005ECC9 /* GLResourceHandler.h in Resources */ = {isa = PBXBuildFile; fileRef = 39EE1F100FDA4645B1A25EDE /* GLResourceHandler.h */; };
		C6DBD171B1BE4B4CB8226983 /* VuforiaPlugin.bundle in Resources */ = {isa = PBXBuildFile; fileRef = 538FF41C468B48D194F7BBEB /* VuforiaPlugin.bundle */; };
		F207CA6885CC4E678D793D71 /* Line.fragsh in Resources */ = {isa = PBXBuildFile; fileRef = 60FCC14914A440C0850AB3D2 /* Line.fragsh */; };
		2006E502344349498A0C31C8 /* Line.vertsh in Resources */ = {isa = PBXBuildFile; fileRef = B899236C7A644E108DCD75B9 /* Line.vertsh */; };
		E3CC47296FE64F2D86BA0ACC /* Simple.fragsh in Resources */ = {isa = PBXBuildFile; fileRef = 1469A1B4004F414D8D5A69D2 /* Simple.fragsh */; };
		26C01C6F49B3483CBDDCC977 /* Simple.vertsh in Resources */ = {isa = PBXBuildFile; fileRef = 7FE71EC9BAE6405BB10A9B3F /* Simple.vertsh */; };
		67BB98C818D64A6BA92448DC /* PluginTest.dat in Resources */ = {isa = PBXBuildFile; fileRef = D96A7896294E4C2ABECE16FE /* PluginTest.dat */; };
		A33B827534E74503B9A8D01F /* PluginTest.xml in Resources */ = {isa = PBXBuildFile; fileRef = E3A56EB610D6407ABC26E227 /* PluginTest.xml */; };
		8BAFD79E50A541028326CE4D /* close-button.png in Resources */ = {isa = PBXBuildFile; fileRef = 7E0A75A5DD5E4AE5ACD9DAB5 /* close-button.png */; };
		2EA9FCDF316941D9A61811D5 /* iOSDevices.png in Resources */ = {isa = PBXBuildFile; fileRef = FED77C2CDB9E43C8AC635138 /* iOSDevices.png */; };
		CA1CC3855E874CB69EDDC8A2 /* AVFoundation.framework in Frameworks */ = {isa = PBXBuildFile; fileRef = 21F972709F3E475E81F2FA3A /* AVFoundation.framework */; settings = {ATTRIBUTES = (Weak, ); }; };
		BFAE5D3AC3DE4BFCA108326B /* CoreMedia.framework in Frameworks */ = {isa = PBXBuildFile; fileRef = ABCE6A931DF34A00ADB6EE7D /* CoreMedia.framework */; settings = {ATTRIBUTES = (Weak, ); }; };
		DFDFB5278611426E85B18ADF /* CoreMotion.framework in Frameworks */ = {isa = PBXBuildFile; fileRef = E0A82C8C65E8445A9A3F701B /* CoreMotion.framework */; settings = {ATTRIBUTES = (Weak, ); }; };
		E4AB05F1B230468B9590A2A1 /* CoreVideo.framework in Frameworks */ = {isa = PBXBuildFile; fileRef = A0E24852D5064D1BAB62A387 /* CoreVideo.framework */; settings = {ATTRIBUTES = (Weak, ); }; };
		35E05C9D239A40CFACD916C4 /* Foundation.framework in Frameworks */ = {isa = PBXBuildFile; fileRef = A656335C6F0D46C886CC848D /* Foundation.framework */; settings = {ATTRIBUTES = (Weak, ); }; };
		972081F9A8E04348B5B6B9D2 /* OpenGLES.framework in Frameworks */ = {isa = PBXBuildFile; fileRef = 5660E502B3784193B1A66664 /* OpenGLES.framework */; settings = {ATTRIBUTES = (Weak, ); }; };
		04F7AA5E2D33413AA8A6963F /* QuartzCore.framework in Frameworks */ = {isa = PBXBuildFile; fileRef = FCA93CABF686411A8038A2A2 /* QuartzCore.framework */; settings = {ATTRIBUTES = (Weak, ); }; };
		B133593FF87340E3B202F3CB /* Security.framework in Frameworks */ = {isa = PBXBuildFile; fileRef = B788B0B7988C437F994904B3 /* Security.framework */; settings = {ATTRIBUTES = (Weak, ); }; };
		ACFD1EDB51C141F79B9C27B6 /* SystemConfiguration.framework in Frameworks */ = {isa = PBXBuildFile; fileRef = 582F35A4EF51404EACDB048F /* SystemConfiguration.framework */; settings = {ATTRIBUTES = (Weak, ); }; };
		34EF103CAE3340F2806797B9 /* UIKit.framework in Frameworks */ = {isa = PBXBuildFile; fileRef = 0A3DD85B189342B3B87802CE /* UIKit.framework */; settings = {ATTRIBUTES = (Weak, ); }; };
/* End PBXBuildFile section */

/* Begin PBXContainerItemProxy section */
		301BF534109A57CC0062928A /* PBXContainerItemProxy */ = {
			isa = PBXContainerItemProxy;
			containerPortal = 301BF52D109A57CC0062928A /* CordovaLib.xcodeproj */;
			proxyType = 2;
			remoteGlobalIDString = D2AAC07E0554694100DB518D;
			remoteInfo = CordovaLib;
		};
		301BF550109A68C00062928A /* PBXContainerItemProxy */ = {
			isa = PBXContainerItemProxy;
			containerPortal = 301BF52D109A57CC0062928A /* CordovaLib.xcodeproj */;
			proxyType = 1;
			remoteGlobalIDString = D2AAC07D0554694100DB518D;
			remoteInfo = CordovaLib;
		};
/* End PBXContainerItemProxy section */

/* Begin PBXFileReference section */
		0207DA571B56EA530066E2B4 /* Images.xcassets */ = {isa = PBXFileReference; lastKnownFileType = folder.assetcatalog; name = Images.xcassets; path = "VuforiaPlugin/Images.xcassets"; sourceTree = SOURCE_ROOT; };
		1D3623240D0F684500981E51 /* AppDelegate.h */ = {isa = PBXFileReference; fileEncoding = 4; lastKnownFileType = sourcecode.c.h; path = AppDelegate.h; sourceTree = "<group>"; };
		1D3623250D0F684500981E51 /* AppDelegate.m */ = {isa = PBXFileReference; fileEncoding = 4; lastKnownFileType = sourcecode.c.objc; path = AppDelegate.m; sourceTree = "<group>"; };
		1D6058910D05DD3D006BFB54 /* VuforiaPlugin.app */ = {isa = PBXFileReference; explicitFileType = wrapper.application; includeInIndex = 0; path = "VuforiaPlugin.app"; sourceTree = BUILT_PRODUCTS_DIR; };
		29B97316FDCFA39411CA2CEA /* main.m */ = {isa = PBXFileReference; fileEncoding = 4; lastKnownFileType = sourcecode.c.objc; path = main.m; sourceTree = "<group>"; };
		301BF52D109A57CC0062928A /* CordovaLib.xcodeproj */ = {isa = PBXFileReference; lastKnownFileType = "wrapper.pb-project"; name = CordovaLib.xcodeproj; path = CordovaLib/CordovaLib.xcodeproj; sourceTree = "<group>"; };
		301BF56E109A69640062928A /* www */ = {isa = PBXFileReference; lastKnownFileType = folder; path = www; sourceTree = SOURCE_ROOT; };
		302D95EE14D2391D003F00A1 /* MainViewController.h */ = {isa = PBXFileReference; fileEncoding = 4; lastKnownFileType = sourcecode.c.h; path = MainViewController.h; sourceTree = "<group>"; };
		302D95EF14D2391D003F00A1 /* MainViewController.m */ = {isa = PBXFileReference; fileEncoding = 4; lastKnownFileType = sourcecode.c.objc; path = MainViewController.m; sourceTree = "<group>"; };
		302D95F014D2391D003F00A1 /* MainViewController.xib */ = {isa = PBXFileReference; fileEncoding = 4; lastKnownFileType = file.xib; path = MainViewController.xib; sourceTree = "<group>"; };
		3047A50F1AB8059700498E2A /* build-debug.xcconfig */ = {isa = PBXFileReference; fileEncoding = 4; lastKnownFileType = text.xcconfig; name = "build-debug.xcconfig"; path = cordova/build-debug.xcconfig; sourceTree = SOURCE_ROOT; };
		3047A5101AB8059700498E2A /* build-release.xcconfig */ = {isa = PBXFileReference; fileEncoding = 4; lastKnownFileType = text.xcconfig; name = "build-release.xcconfig"; path = cordova/build-release.xcconfig; sourceTree = SOURCE_ROOT; };
		3047A5111AB8059700498E2A /* build.xcconfig */ = {isa = PBXFileReference; fileEncoding = 4; lastKnownFileType = text.xcconfig; name = build.xcconfig; path = cordova/build.xcconfig; sourceTree = SOURCE_ROOT; };
		32CA4F630368D1EE00C91783 /* VuforiaPlugin-Prefix.pch */ = {isa = PBXFileReference; fileEncoding = 4; lastKnownFileType = sourcecode.c.h; path = "VuforiaPlugin-Prefix.pch"; sourceTree = "<group>"; };
		8D1107310486CEB800E47090 /* VuforiaPlugin-Info.plist */ = {isa = PBXFileReference; fileEncoding = 4; lastKnownFileType = text.plist.xml; name = "VuforiaPlugin-Info.plist"; path = "VuforiaPlugin/VuforiaPlugin-Info.plist"; plistStructureDefinitionIdentifier = "com.apple.xcode.plist.structure-definition.iphone.info-plist"; sourceTree = SOURCE_ROOT; };
		EB87FDF31871DA8E0020F90C /* www */ = {isa = PBXFileReference; lastKnownFileType = folder; name = www; path = ../../www; sourceTree = "<group>"; };
		EB87FDF41871DAF40020F90C /* config.xml */ = {isa = PBXFileReference; lastKnownFileType = text.xml; name = config.xml; path = ../../config.xml; sourceTree = "<group>"; };
		F840E1F0165FE0F500CFE078 /* config.xml */ = {isa = PBXFileReference; lastKnownFileType = text.xml; name = config.xml; path = "VuforiaPlugin/config.xml"; sourceTree = "<group>"; };
		ED33DF2A687741AEAF9F8254 /* Bridging-Header.h */ = {isa = PBXFileReference; fileEncoding = 4; lastKnownFileType = sourcecode.c.h; name = "Bridging-Header.h"; path = "Bridging-Header.h"; sourceTree = "<group>"; };
		51CD4BD7BAE342DFBE329FB4 /* CDVDevice.m */ = {isa = PBXFileReference; name = "CDVDevice.m"; path = "cordova-plugin-device/CDVDevice.m"; sourceTree = "<group>"; fileEncoding = 4; lastKnownFileType = sourcecode.c.objc; explicitFileType = undefined; includeInIndex = 0; };
		47016A0461834421ADFC2E90 /* CDVDevice.h */ = {isa = PBXFileReference; name = "CDVDevice.h"; path = "cordova-plugin-device/CDVDevice.h"; sourceTree = "<group>"; fileEncoding = 4; lastKnownFileType = sourcecode.c.h; explicitFileType = undefined; includeInIndex = 0; };
		5AC7A872831C4AF1A8E7C1E4 /* VuforiaPlugin.m */ = {isa = PBXFileReference; name = "VuforiaPlugin.m"; path = "cordova-plugin-vuforia/VuforiaPlugin.m"; sourceTree = "<group>"; fileEncoding = 4; lastKnownFileType = sourcecode.c.objc; explicitFileType = undefined; includeInIndex = 0; };
		63AECE3AE88D4112A8C93606 /* ViewController.mm */ = {isa = PBXFileReference; name = "ViewController.mm"; path = "cordova-plugin-vuforia/ViewController.mm"; sourceTree = "<group>"; fileEncoding = undefined; lastKnownFileType = unknown; explicitFileType = undefined; includeInIndex = 0; };
		1FB165F8EE644F43BCB4559E /* libVuforia.a */ = {isa = PBXFileReference; name = "libVuforia.a"; path = "VuforiaPlugin/Plugins/cordova-plugin-vuforia/libs/libVuforia.a"; sourceTree = "<group>"; fileEncoding = undefined; lastKnownFileType = archive.ar; explicitFileType = undefined; includeInIndex = 0; };
		90E79F9BF70E43FAB7A4787F /* ImageTargetsEAGLView.mm */ = {isa = PBXFileReference; name = "ImageTargetsEAGLView.mm"; path = "cordova-plugin-vuforia/ImageTargetsEAGLView.mm"; sourceTree = "<group>"; fileEncoding = undefined; lastKnownFileType = unknown; explicitFileType = undefined; includeInIndex = 0; };
		B7CD2DFF843B4C019172AD55 /* ImageTargetsViewController.mm */ = {isa = PBXFileReference; name = "ImageTargetsViewController.mm"; path = "cordova-plugin-vuforia/ImageTargetsViewController.mm"; sourceTree = "<group>"; fileEncoding = undefined; lastKnownFileType = unknown; explicitFileType = undefined; includeInIndex = 0; };
		0A9057AF167D4FC5969BAF78 /* ApplicationSession.h */ = {isa = PBXFileReference; name = "ApplicationSession.h"; path = "cordova-plugin-vuforia/ApplicationSession.h"; sourceTree = "<group>"; fileEncoding = 4; lastKnownFileType = sourcecode.c.h; explicitFileType = undefined; includeInIndex = 0; };
		53C794FBFC5B4C57AA771D3C /* ApplicationSession.mm */ = {isa = PBXFileReference; name = "ApplicationSession.mm"; path = "cordova-plugin-vuforia/ApplicationSession.mm"; sourceTree = "<group>"; fileEncoding = undefined; lastKnownFileType = unknown; explicitFileType = undefined; includeInIndex = 0; };
		39EE1F100FDA4645B1A25EDE /* GLResourceHandler.h */ = {isa = PBXFileReference; name = "GLResourceHandler.h"; path = "cordova-plugin-vuforia/GLResourceHandler.h"; sourceTree = "<group>"; fileEncoding = 4; lastKnownFileType = sourcecode.c.h; explicitFileType = undefined; includeInIndex = 0; };
		0A9E11F063224896A93D9D29 /* VuforiaPlugin.h */ = {isa = PBXFileReference; name = "VuforiaPlugin.h"; path = "cordova-plugin-vuforia/VuforiaPlugin.h"; sourceTree = "<group>"; fileEncoding = 4; lastKnownFileType = sourcecode.c.h; explicitFileType = undefined; includeInIndex = 0; };
		2B6C9B1CFC6140CDBC38E64C /* ViewController.h */ = {isa = PBXFileReference; name = "ViewController.h"; path = "cordova-plugin-vuforia/ViewController.h"; sourceTree = "<group>"; fileEncoding = 4; lastKnownFileType = sourcecode.c.h; explicitFileType = undefined; includeInIndex = 0; };
		5FD436A44CC543E5839B7AC3 /* ImageTargetsEAGLView.h */ = {isa = PBXFileReference; name = "ImageTargetsEAGLView.h"; path = "cordova-plugin-vuforia/ImageTargetsEAGLView.h"; sourceTree = "<group>"; fileEncoding = 4; lastKnownFileType = sourcecode.c.h; explicitFileType = undefined; includeInIndex = 0; };
		FD79BDF9455F41F6883682FE /* ImageTargetsViewController.h */ = {isa = PBXFileReference; name = "ImageTargetsViewController.h"; path = "cordova-plugin-vuforia/ImageTargetsViewController.h"; sourceTree = "<group>"; fileEncoding = 4; lastKnownFileType = sourcecode.c.h; explicitFileType = undefined; includeInIndex = 0; };
		538FF41C468B48D194F7BBEB /* VuforiaPlugin.bundle */ = {isa = PBXFileReference; name = "VuforiaPlugin.bundle"; path = "VuforiaPlugin.bundle"; sourceTree = "<group>"; fileEncoding = undefined; lastKnownFileType = wrapper.plug-in; explicitFileType = undefined; includeInIndex = 0; };
		60FCC14914A440C0850AB3D2 /* Line.fragsh */ = {isa = PBXFileReference; name = "Line.fragsh"; path = "Line.fragsh"; sourceTree = "<group>"; fileEncoding = undefined; lastKnownFileType = unknown; explicitFileType = undefined; includeInIndex = 0; };
		B899236C7A644E108DCD75B9 /* Line.vertsh */ = {isa = PBXFileReference; name = "Line.vertsh"; path = "Line.vertsh"; sourceTree = "<group>"; fileEncoding = undefined; lastKnownFileType = unknown; explicitFileType = undefined; includeInIndex = 0; };
		1469A1B4004F414D8D5A69D2 /* Simple.fragsh */ = {isa = PBXFileReference; name = "Simple.fragsh"; path = "Simple.fragsh"; sourceTree = "<group>"; fileEncoding = undefined; lastKnownFileType = unknown; explicitFileType = undefined; includeInIndex = 0; };
		7FE71EC9BAE6405BB10A9B3F /* Simple.vertsh */ = {isa = PBXFileReference; name = "Simple.vertsh"; path = "Simple.vertsh"; sourceTree = "<group>"; fileEncoding = undefined; lastKnownFileType = unknown; explicitFileType = undefined; includeInIndex = 0; };
		D96A7896294E4C2ABECE16FE /* PluginTest.dat */ = {isa = PBXFileReference; name = "PluginTest.dat"; path = "PluginTest.dat"; sourceTree = "<group>"; fileEncoding = undefined; lastKnownFileType = unknown; explicitFileType = undefined; includeInIndex = 0; };
		E3A56EB610D6407ABC26E227 /* PluginTest.xml */ = {isa = PBXFileReference; name = "PluginTest.xml"; path = "PluginTest.xml"; sourceTree = "<group>"; fileEncoding = undefined; lastKnownFileType = unknown; explicitFileType = undefined; includeInIndex = 0; };
		7E0A75A5DD5E4AE5ACD9DAB5 /* close-button.png */ = {isa = PBXFileReference; name = "close-button.png"; path = "close-button.png"; sourceTree = "<group>"; fileEncoding = undefined; lastKnownFileType = unknown; explicitFileType = undefined; includeInIndex = 0; };
		FED77C2CDB9E43C8AC635138 /* iOSDevices.png */ = {isa = PBXFileReference; name = "iOSDevices.png"; path = "iOSDevices.png"; sourceTree = "<group>"; fileEncoding = undefined; lastKnownFileType = unknown; explicitFileType = undefined; includeInIndex = 0; };
		21F972709F3E475E81F2FA3A /* AVFoundation.framework */ = {isa = PBXFileReference; name = "AVFoundation.framework"; path = "System/Library/Frameworks/AVFoundation.framework"; sourceTree = SDKROOT; fileEncoding = undefined; lastKnownFileType = wrapper.framework; explicitFileType = undefined; includeInIndex = 0; };
		ABCE6A931DF34A00ADB6EE7D /* CoreMedia.framework */ = {isa = PBXFileReference; name = "CoreMedia.framework"; path = "System/Library/Frameworks/CoreMedia.framework"; sourceTree = SDKROOT; fileEncoding = undefined; lastKnownFileType = wrapper.framework; explicitFileType = undefined; includeInIndex = 0; };
		E0A82C8C65E8445A9A3F701B /* CoreMotion.framework */ = {isa = PBXFileReference; name = "CoreMotion.framework"; path = "System/Library/Frameworks/CoreMotion.framework"; sourceTree = SDKROOT; fileEncoding = undefined; lastKnownFileType = wrapper.framework; explicitFileType = undefined; includeInIndex = 0; };
		A0E24852D5064D1BAB62A387 /* CoreVideo.framework */ = {isa = PBXFileReference; name = "CoreVideo.framework"; path = "System/Library/Frameworks/CoreVideo.framework"; sourceTree = SDKROOT; fileEncoding = undefined; lastKnownFileType = wrapper.framework; explicitFileType = undefined; includeInIndex = 0; };
		A656335C6F0D46C886CC848D /* Foundation.framework */ = {isa = PBXFileReference; name = "Foundation.framework"; path = "System/Library/Frameworks/Foundation.framework"; sourceTree = SDKROOT; fileEncoding = undefined; lastKnownFileType = wrapper.framework; explicitFileType = undefined; includeInIndex = 0; };
		5660E502B3784193B1A66664 /* OpenGLES.framework */ = {isa = PBXFileReference; name = "OpenGLES.framework"; path = "System/Library/Frameworks/OpenGLES.framework"; sourceTree = SDKROOT; fileEncoding = undefined; lastKnownFileType = wrapper.framework; explicitFileType = undefined; includeInIndex = 0; };
		FCA93CABF686411A8038A2A2 /* QuartzCore.framework */ = {isa = PBXFileReference; name = "QuartzCore.framework"; path = "System/Library/Frameworks/QuartzCore.framework"; sourceTree = SDKROOT; fileEncoding = undefined; lastKnownFileType = wrapper.framework; explicitFileType = undefined; includeInIndex = 0; };
		B788B0B7988C437F994904B3 /* Security.framework */ = {isa = PBXFileReference; name = "Security.framework"; path = "System/Library/Frameworks/Security.framework"; sourceTree = SDKROOT; fileEncoding = undefined; lastKnownFileType = wrapper.framework; explicitFileType = undefined; includeInIndex = 0; };
		582F35A4EF51404EACDB048F /* SystemConfiguration.framework */ = {isa = PBXFileReference; name = "SystemConfiguration.framework"; path = "System/Library/Frameworks/SystemConfiguration.framework"; sourceTree = SDKROOT; fileEncoding = undefined; lastKnownFileType = wrapper.framework; explicitFileType = undefined; includeInIndex = 0; };
		0A3DD85B189342B3B87802CE /* UIKit.framework */ = {isa = PBXFileReference; name = "UIKit.framework"; path = "System/Library/Frameworks/UIKit.framework"; sourceTree = SDKROOT; fileEncoding = undefined; lastKnownFileType = wrapper.framework; explicitFileType = undefined; includeInIndex = 0; };
/* End PBXFileReference section */

/* Begin PBXFrameworksBuildPhase section */
		1D60588F0D05DD3D006BFB54 /* Frameworks */ = {
			isa = PBXFrameworksBuildPhase;
			buildActionMask = 2147483647;
			files = (
				301BF552109A68D80062928A /* libCordova.a in Frameworks */,
				2786AB949FBC4BD892EE7934 /* libVuforia.a in Frameworks */,
				CA1CC3855E874CB69EDDC8A2 /* AVFoundation.framework in Frameworks */,
				BFAE5D3AC3DE4BFCA108326B /* CoreMedia.framework in Frameworks */,
				DFDFB5278611426E85B18ADF /* CoreMotion.framework in Frameworks */,
				E4AB05F1B230468B9590A2A1 /* CoreVideo.framework in Frameworks */,
				35E05C9D239A40CFACD916C4 /* Foundation.framework in Frameworks */,
				972081F9A8E04348B5B6B9D2 /* OpenGLES.framework in Frameworks */,
				04F7AA5E2D33413AA8A6963F /* QuartzCore.framework in Frameworks */,
				B133593FF87340E3B202F3CB /* Security.framework in Frameworks */,
				ACFD1EDB51C141F79B9C27B6 /* SystemConfiguration.framework in Frameworks */,
				34EF103CAE3340F2806797B9 /* UIKit.framework in Frameworks */,
			);
			runOnlyForDeploymentPostprocessing = 0;
		};
/* End PBXFrameworksBuildPhase section */

/* Begin PBXGroup section */
		080E96DDFE201D6D7F000001 /* Classes */ = {
			isa = PBXGroup;
			children = (
				302D95EE14D2391D003F00A1 /* MainViewController.h */,
				302D95EF14D2391D003F00A1 /* MainViewController.m */,
				302D95F014D2391D003F00A1 /* MainViewController.xib */,
				1D3623240D0F684500981E51 /* AppDelegate.h */,
				1D3623250D0F684500981E51 /* AppDelegate.m */,
			);
			name = Classes;
			path = "VuforiaPlugin/Classes";
			sourceTree = SOURCE_ROOT;
		};
		19C28FACFE9D520D11CA2CBB /* Products */ = {
			isa = PBXGroup;
			children = (
				1D6058910D05DD3D006BFB54 /* VuforiaPlugin.app */,
			);
			name = Products;
			sourceTree = "<group>";
		};
		29B97314FDCFA39411CA2CEA /* CustomTemplate */ = {
			isa = PBXGroup;
			children = (
				EB87FDF41871DAF40020F90C /* config.xml */,
				EB87FDF31871DA8E0020F90C /* www */,
				EB87FDF11871DA420020F90C /* Staging */,
				301BF52D109A57CC0062928A /* CordovaLib.xcodeproj */,
				080E96DDFE201D6D7F000001 /* Classes */,
				307C750510C5A3420062BCA9 /* Plugins */,
				29B97315FDCFA39411CA2CEA /* Other Sources */,
				29B97317FDCFA39411CA2CEA /* Resources */,
				29B97323FDCFA39411CA2CEA /* Frameworks */,
				19C28FACFE9D520D11CA2CBB /* Products */,
			);
			name = CustomTemplate;
			sourceTree = "<group>";
		};
		29B97315FDCFA39411CA2CEA /* Other Sources */ = {
			isa = PBXGroup;
			children = (
				32CA4F630368D1EE00C91783 /* VuforiaPlugin-Prefix.pch */,
				29B97316FDCFA39411CA2CEA /* main.m */,
				ED33DF2A687741AEAF9F8254 /* Bridging-Header.h */,
			);
			name = "Other Sources";
			path = "VuforiaPlugin";
			sourceTree = "<group>";
		};
		29B97317FDCFA39411CA2CEA /* Resources */ = {
			isa = PBXGroup;
			children = (
				0207DA571B56EA530066E2B4 /* Images.xcassets */,
				3047A50E1AB8057F00498E2A /* config */,
				8D1107310486CEB800E47090 /* VuforiaPlugin-Info.plist */,
				538FF41C468B48D194F7BBEB /* VuforiaPlugin.bundle */,
				60FCC14914A440C0850AB3D2 /* Line.fragsh */,
				B899236C7A644E108DCD75B9 /* Line.vertsh */,
				1469A1B4004F414D8D5A69D2 /* Simple.fragsh */,
				7FE71EC9BAE6405BB10A9B3F /* Simple.vertsh */,
				D96A7896294E4C2ABECE16FE /* PluginTest.dat */,
				E3A56EB610D6407ABC26E227 /* PluginTest.xml */,
				7E0A75A5DD5E4AE5ACD9DAB5 /* close-button.png */,
				FED77C2CDB9E43C8AC635138 /* iOSDevices.png */,
			);
			name = Resources;
			path = "VuforiaPlugin/Resources";
			sourceTree = "<group>";
		};
		29B97323FDCFA39411CA2CEA /* Frameworks */ = {
			isa = PBXGroup;
			children = (
				1FB165F8EE644F43BCB4559E /* libVuforia.a */,
				21F972709F3E475E81F2FA3A /* AVFoundation.framework */,
				ABCE6A931DF34A00ADB6EE7D /* CoreMedia.framework */,
				E0A82C8C65E8445A9A3F701B /* CoreMotion.framework */,
				A0E24852D5064D1BAB62A387 /* CoreVideo.framework */,
				A656335C6F0D46C886CC848D /* Foundation.framework */,
				5660E502B3784193B1A66664 /* OpenGLES.framework */,
				FCA93CABF686411A8038A2A2 /* QuartzCore.framework */,
				B788B0B7988C437F994904B3 /* Security.framework */,
				582F35A4EF51404EACDB048F /* SystemConfiguration.framework */,
				0A3DD85B189342B3B87802CE /* UIKit.framework */,
			);
			name = Frameworks;
			sourceTree = "<group>";
		};
		301BF52E109A57CC0062928A /* Products */ = {
			isa = PBXGroup;
			children = (
				301BF535109A57CC0062928A /* libCordova.a */,
			);
			name = Products;
			sourceTree = "<group>";
		};
		3047A50E1AB8057F00498E2A /* config */ = {
			isa = PBXGroup;
			children = (
				3047A50F1AB8059700498E2A /* build-debug.xcconfig */,
				3047A5101AB8059700498E2A /* build-release.xcconfig */,
				3047A5111AB8059700498E2A /* build.xcconfig */,
			);
			name = config;
			sourceTree = "<group>";
		};
		307C750510C5A3420062BCA9 /* Plugins */ = {
			isa = PBXGroup;
			children = (
				51CD4BD7BAE342DFBE329FB4 /* CDVDevice.m */,
				47016A0461834421ADFC2E90 /* CDVDevice.h */,
				5AC7A872831C4AF1A8E7C1E4 /* VuforiaPlugin.m */,
				63AECE3AE88D4112A8C93606 /* ViewController.mm */,
				90E79F9BF70E43FAB7A4787F /* ImageTargetsEAGLView.mm */,
				B7CD2DFF843B4C019172AD55 /* ImageTargetsViewController.mm */,
				0A9057AF167D4FC5969BAF78 /* ApplicationSession.h */,
				53C794FBFC5B4C57AA771D3C /* ApplicationSession.mm */,
				39EE1F100FDA4645B1A25EDE /* GLResourceHandler.h */,
				0A9E11F063224896A93D9D29 /* VuforiaPlugin.h */,
				2B6C9B1CFC6140CDBC38E64C /* ViewController.h */,
				5FD436A44CC543E5839B7AC3 /* ImageTargetsEAGLView.h */,
				FD79BDF9455F41F6883682FE /* ImageTargetsViewController.h */,
			);
			name = Plugins;
			path = "VuforiaPlugin/Plugins";
			sourceTree = SOURCE_ROOT;
		};
		EB87FDF11871DA420020F90C /* Staging */ = {
			isa = PBXGroup;
			children = (
				F840E1F0165FE0F500CFE078 /* config.xml */,
				301BF56E109A69640062928A /* www */,
			);
			name = Staging;
			sourceTree = "<group>";
		};
/* End PBXGroup section */

/* Begin PBXNativeTarget section */
		1D6058900D05DD3D006BFB54 /* VuforiaPlugin */ = {
			isa = PBXNativeTarget;
			buildConfigurationList = 1D6058960D05DD3E006BFB54 /* Build configuration list for PBXNativeTarget "VuforiaPlugin" */;
			buildPhases = (
				304B58A110DAC018002A0835 /* Copy www directory */,
				1D60588D0D05DD3D006BFB54 /* Resources */,
				1D60588E0D05DD3D006BFB54 /* Sources */,
				1D60588F0D05DD3D006BFB54 /* Frameworks */,
			);
			buildRules = (
			);
			dependencies = (
				301BF551109A68C00062928A /* PBXTargetDependency */,
			);
			name = "VuforiaPlugin";
			productName = "VuforiaPlugin";
			productReference = 1D6058910D05DD3D006BFB54 /* VuforiaPlugin.app */;
			productType = "com.apple.product-type.application";
		};
/* End PBXNativeTarget section */

/* Begin PBXProject section */
		29B97313FDCFA39411CA2CEA /* Project object */ = {
			isa = PBXProject;
			attributes = {
				LastUpgradeCheck = 510;
			};
			buildConfigurationList = C01FCF4E08A954540054247B /* Build configuration list for PBXProject "__NON-CLI__" */;
			compatibilityVersion = "Xcode 3.2";
			developmentRegion = English;
			hasScannedForEncodings = 1;
			mainGroup = 29B97314FDCFA39411CA2CEA /* CustomTemplate */;
			projectDirPath = "";
			projectReferences = (
				{
					ProductGroup = 301BF52E109A57CC0062928A /* Products */;
					ProjectRef = 301BF52D109A57CC0062928A /* CordovaLib.xcodeproj */;
				},
			);
			projectRoot = "";
			targets = (
				1D6058900D05DD3D006BFB54 /* VuforiaPlugin */,
			);
		};
/* End PBXProject section */

/* Begin PBXReferenceProxy section */
		301BF535109A57CC0062928A /* libCordova.a */ = {
			isa = PBXReferenceProxy;
			fileType = archive.ar;
			path = libCordova.a;
			remoteRef = 301BF534109A57CC0062928A /* PBXContainerItemProxy */;
			sourceTree = BUILT_PRODUCTS_DIR;
		};
/* End PBXReferenceProxy section */

/* Begin PBXResourcesBuildPhase section */
		1D60588D0D05DD3D006BFB54 /* Resources */ = {
			isa = PBXResourcesBuildPhase;
			buildActionMask = 2147483647;
			files = (
				302D95F214D2391D003F00A1 /* MainViewController.xib in Resources */,
				3047A5131AB8059700498E2A /* build-release.xcconfig in Resources */,
				3047A5141AB8059700498E2A /* build.xcconfig in Resources */,
				0207DA581B56EA530066E2B4 /* Images.xcassets in Resources */,
				3047A5121AB8059700498E2A /* build-debug.xcconfig in Resources */,
				C6DBD171B1BE4B4CB8226983 /* VuforiaPlugin.bundle in Resources */,
				F207CA6885CC4E678D793D71 /* Line.fragsh in Resources */,
				2006E502344349498A0C31C8 /* Line.vertsh in Resources */,
				E3CC47296FE64F2D86BA0ACC /* Simple.fragsh in Resources */,
				26C01C6F49B3483CBDDCC977 /* Simple.vertsh in Resources */,
				67BB98C818D64A6BA92448DC /* PluginTest.dat in Resources */,
				A33B827534E74503B9A8D01F /* PluginTest.xml in Resources */,
				8BAFD79E50A541028326CE4D /* close-button.png in Resources */,
				2EA9FCDF316941D9A61811D5 /* iOSDevices.png in Resources */,
			);
			runOnlyForDeploymentPostprocessing = 0;
		};
/* End PBXResourcesBuildPhase section */

/* Begin PBXShellScriptBuildPhase section */
		304B58A110DAC018002A0835 /* Copy www directory */ = {
			isa = PBXShellScriptBuildPhase;
			buildActionMask = 2147483647;
			files = (
			);
			inputPaths = (
			);
			name = "Copy www directory";
			outputPaths = (
			);
			runOnlyForDeploymentPostprocessing = 0;
			shellPath = /bin/sh;
			shellScript = "NODEJS_PATH=/usr/local/bin; NVM_NODE_PATH=~/.nvm/versions/node/`nvm version 2>/dev/null`/bin; N_NODE_PATH=`find /usr/local/n/versions/node/* -maxdepth 0 -type d 2>/dev/null | tail -1`/bin; XCODE_NODE_PATH=`xcode-select --print-path`/usr/share/xcs/Node/bin; PATH=$NODEJS_PATH:$NVM_NODE_PATH:$N_NODE_PATH:$XCODE_NODE_PATH:$PATH && node cordova/lib/copy-www-build-step.js";
			showEnvVarsInLog = 0;
		};
/* End PBXShellScriptBuildPhase section */

/* Begin PBXSourcesBuildPhase section */
		1D60588E0D05DD3D006BFB54 /* Sources */ = {
			isa = PBXSourcesBuildPhase;
			buildActionMask = 2147483647;
			files = (
				1D60589B0D05DD56006BFB54 /* main.m in Sources */,
				1D3623260D0F684500981E51 /* AppDelegate.m in Sources */,
				302D95F114D2391D003F00A1 /* MainViewController.m in Sources */,
				05178069FD884FA4AD216A49 /* CDVDevice.m in Sources */,
				3B8B718FAA9A416ABFCADFEC /* VuforiaPlugin.m in Sources */,
				49EF544A3C294C7B87069F2F /* ViewController.mm in Resources */,
				66A4CFF939E148A69F25931F /* ImageTargetsEAGLView.mm in Resources */,
				AA09414395F34B7B86DEA847 /* ImageTargetsViewController.mm in Resources */,
				D166BE60672143858F315085 /* ApplicationSession.h in Resources */,
				EA330D4EF111464CAAA96215 /* ApplicationSession.mm in Resources */,
				881A7E9B141A495D9005ECC9 /* GLResourceHandler.h in Resources */,
			);
			runOnlyForDeploymentPostprocessing = 0;
		};
/* End PBXSourcesBuildPhase section */

/* Begin PBXTargetDependency section */
		301BF551109A68C00062928A /* PBXTargetDependency */ = {
			isa = PBXTargetDependency;
			name = CordovaLib;
			targetProxy = 301BF550109A68C00062928A /* PBXContainerItemProxy */;
		};
/* End PBXTargetDependency section */

/* Begin XCBuildConfiguration section */
		1D6058940D05DD3E006BFB54 /* Debug */ = {
			isa = XCBuildConfiguration;
			baseConfigurationReference = 3047A50F1AB8059700498E2A /* build-debug.xcconfig */;
			buildSettings = {
				ALWAYS_SEARCH_USER_PATHS = NO;
				ASSETCATALOG_COMPILER_APPICON_NAME = AppIcon;
				ASSETCATALOG_COMPILER_LAUNCHIMAGE_NAME = LaunchImage;
				CLANG_ENABLE_MODULES = YES;
				CLANG_ENABLE_OBJC_ARC = YES;
				COPY_PHASE_STRIP = NO;
				GCC_DYNAMIC_NO_PIC = NO;
				GCC_OPTIMIZATION_LEVEL = 0;
				GCC_PRECOMPILE_PREFIX_HEADER = YES;
				GCC_PREFIX_HEADER = "VuforiaPlugin/VuforiaPlugin-Prefix.pch";
				GCC_THUMB_SUPPORT = NO;
				GCC_VERSION = "";
				INFOPLIST_FILE = "VuforiaPlugin/VuforiaPlugin-Info.plist";
				LD_RUNPATH_SEARCH_PATHS = "@executable_path/Frameworks";
				PRODUCT_NAME = "VuforiaPlugin";
				LIBRARY_SEARCH_PATHS = (
					"$(inherited)",
					"\"$(SRCROOT)/VuforiaPlugin/Plugins/cordova-plugin-vuforia/libs\"",
				);
			};
			name = Debug;
		};
		1D6058950D05DD3E006BFB54 /* Release */ = {
			isa = XCBuildConfiguration;
			baseConfigurationReference = 3047A5101AB8059700498E2A /* build-release.xcconfig */;
			buildSettings = {
				ALWAYS_SEARCH_USER_PATHS = NO;
				ASSETCATALOG_COMPILER_APPICON_NAME = AppIcon;
				ASSETCATALOG_COMPILER_LAUNCHIMAGE_NAME = LaunchImage;
				CLANG_ENABLE_MODULES = YES;
				CLANG_ENABLE_OBJC_ARC = YES;
				COPY_PHASE_STRIP = YES;
				GCC_PRECOMPILE_PREFIX_HEADER = YES;
				GCC_PREFIX_HEADER = "VuforiaPlugin/VuforiaPlugin-Prefix.pch";
				GCC_THUMB_SUPPORT = NO;
				GCC_VERSION = "";
				INFOPLIST_FILE = "VuforiaPlugin/VuforiaPlugin-Info.plist";
				PRODUCT_NAME = "VuforiaPlugin";
				LIBRARY_SEARCH_PATHS = (
					"$(inherited)",
					"\"$(SRCROOT)/VuforiaPlugin/Plugins/cordova-plugin-vuforia/libs\"",
				);
			};
			name = Release;
		};
		C01FCF4F08A954540054247B /* Debug */ = {
			isa = XCBuildConfiguration;
			baseConfigurationReference = 3047A5111AB8059700498E2A /* build.xcconfig */;
			buildSettings = {
				CLANG_ENABLE_MODULES = YES;
				CLANG_ENABLE_OBJC_ARC = YES;
				CLANG_WARN_BOOL_CONVERSION = YES;
				CLANG_WARN_CONSTANT_CONVERSION = YES;
				CLANG_WARN_EMPTY_BODY = YES;
				CLANG_WARN_ENUM_CONVERSION = YES;
				CLANG_WARN_INT_CONVERSION = YES;
				CLANG_WARN__DUPLICATE_METHOD_MATCH = YES;
				GCC_C_LANGUAGE_STANDARD = c99;
				GCC_THUMB_SUPPORT = NO;
				GCC_VERSION = "";
				GCC_WARN_ABOUT_RETURN_TYPE = YES;
				GCC_WARN_UNDECLARED_SELECTOR = YES;
				GCC_WARN_UNINITIALIZED_AUTOS = YES;
				GCC_WARN_UNUSED_FUNCTION = YES;
				GCC_WARN_UNUSED_VARIABLE = YES;
				ONLY_ACTIVE_ARCH = YES;
				SDKROOT = iphoneos;
				SKIP_INSTALL = NO;
			};
			name = Debug;
		};
		C01FCF5008A954540054247B /* Release */ = {
			isa = XCBuildConfiguration;
			baseConfigurationReference = 3047A5111AB8059700498E2A /* build.xcconfig */;
			buildSettings = {
				CLANG_ENABLE_MODULES = YES;
				CLANG_ENABLE_OBJC_ARC = YES;
				CLANG_WARN_BOOL_CONVERSION = YES;
				CLANG_WARN_CONSTANT_CONVERSION = YES;
				CLANG_WARN_EMPTY_BODY = YES;
				CLANG_WARN_ENUM_CONVERSION = YES;
				CLANG_WARN_INT_CONVERSION = YES;
				CLANG_WARN__DUPLICATE_METHOD_MATCH = YES;
				GCC_C_LANGUAGE_STANDARD = c99;
				GCC_THUMB_SUPPORT = NO;
				GCC_VERSION = "";
				GCC_WARN_ABOUT_RETURN_TYPE = YES;
				GCC_WARN_UNDECLARED_SELECTOR = YES;
				GCC_WARN_UNINITIALIZED_AUTOS = YES;
				GCC_WARN_UNUSED_FUNCTION = YES;
				GCC_WARN_UNUSED_VARIABLE = YES;
				SDKROOT = iphoneos;
				SKIP_INSTALL = NO;
			};
			name = Release;
		};
/* End XCBuildConfiguration section */

/* Begin XCConfigurationList section */
		1D6058960D05DD3E006BFB54 /* Build configuration list for PBXNativeTarget "VuforiaPlugin" */ = {
			isa = XCConfigurationList;
			buildConfigurations = (
				1D6058940D05DD3E006BFB54 /* Debug */,
				1D6058950D05DD3E006BFB54 /* Release */,
			);
			defaultConfigurationIsVisible = 0;
			defaultConfigurationName = Release;
		};
		C01FCF4E08A954540054247B /* Build configuration list for PBXProject "__NON-CLI__" */ = {
			isa = XCConfigurationList;
			buildConfigurations = (
				C01FCF4F08A954540054247B /* Debug */,
				C01FCF5008A954540054247B /* Release */,
			);
			defaultConfigurationIsVisible = 0;
			defaultConfigurationName = Release;
		};
/* End XCConfigurationList section */
	};
	rootObject = 29B97313FDCFA39411CA2CEA /* Project object */;
}
